version: 1
checksums:
  e85e01d1009a424c4406ff3680c7e9ce:
    md-section-0: dbaedaa809c1df98f88e187e6e634468
    md-section-1: 4798411451dc038e5f11de0a403a3777
    md-section-2: aa135c8d31a9e5c061f2381423f86a1f
    md-section-3: c7f7c7e896db3ac9bb5dd23e43992326
    md-section-4: 78aeb8004e688c429ee1bb1616c1e600
    md-section-5: 861a829d41fd8e4ffff970d4e577e55d
    md-section-6: 33b9b1e9744318597da4b925b0995be2
    md-section-7: 34e0ed197bf607c034087a88d4f5ece9
    md-section-8: 799292219893caacaebd4e1c90d777cc
    md-section-9: 3802f35ecf9e348e00f1c2ea88e04121
    md-section-10: 8fffe561cf7565589ec1855de5bef931
    md-section-11: 4b051c0955ee551eca70626226817d6d
    md-section-12: 28a7f8a83c7032660ccc1d344f214f49
    md-section-13: ae96acb8b10a44c0771d20561428ce8d
    fm-attr-title: bc5e4d551978183ff02b7e290f95d28b
    fm-attr-description: d74ccb10c755803e862ec0f260970262
  2902a1bf40ec554d4671de30efceff76:
    md-section-0: dbaedaa809c1df98f88e187e6e634468
    md-section-1: f2a4c9b1f839b3e8bb33045d1515035a
    md-section-2: aa135c8d31a9e5c061f2381423f86a1f
    md-section-3: 1745299e9c9dbf10ebedc9c21219c50f
    md-section-4: 78aeb8004e688c429ee1bb1616c1e600
    md-section-5: 364cceace8294edef0d3a0c71a1b5720
    md-section-6: 33b9b1e9744318597da4b925b0995be2
    md-section-7: 34e0ed197bf607c034087a88d4f5ece9
    md-section-8: 6cfbe1b3e82abbdee7991822fcd65511
    md-section-9: 2d4c01f947cc4da553150f28356269ef
    md-section-10: ffb4f6e91c13ed85f6e94c727a301f8f
    md-section-11: 0607de2c45ab6b7483d86bc91e437ce1
    md-section-12: 83b3061793496c6a6ebaf031fed20bc2
    md-section-13: 1f7a8c54070e6a1feba8b4dfe989683c
    md-section-14: 28a7f8a83c7032660ccc1d344f214f49
    md-section-15: c441ba8d2abd9a1a2e105b7c4ba31f97
    fm-attr-title: 0d97ad0c7362644984bad462dadceb88
    fm-attr-description: da6f26c6bbb609d9dbb03c3561087ab6
  8ba9baab9e5121b210d8066e7b90622f:
    md-section-0: dbaedaa809c1df98f88e187e6e634468
    md-section-1: 1fc57abf76939d1cba095dee7bfc4f86
    md-section-2: 78aeb8004e688c429ee1bb1616c1e600
    md-section-3: d033edd11919d91b798fafb313cd731b
    md-section-4: 33b9b1e9744318597da4b925b0995be2
    md-section-5: 34e0ed197bf607c034087a88d4f5ece9
    md-section-6: b38d786104ef125de3e1babac6747bc6
    md-section-7: f428d38226f0af3ef1108c60744441d1
    md-section-8: 9703eb71d11a3a208e3a0a6042c7c135
    md-section-9: ea30a6b968fcc173fbd3095a4445a55d
    md-section-10: 97fc7fbe3f20fe835b52f6c50f8b3277
    md-section-11: 6e5e03ae61f403f7abec160e06f69598
    md-section-12: 28a7f8a83c7032660ccc1d344f214f49
    md-section-13: efdd4f380cf1bd041f084884448ef515
    fm-attr-title: f428d38226f0af3ef1108c60744441d1
    fm-attr-description: fa3da8d8ab3e7a912ee7d5395da45cc9
  a2018ea241a14d0e61412b93c0935769:
    md-section-0: 5e26527ccf8fddebe14c951e6c950b48
    md-section-1: 4316dd2716cd204a8d13600c5569447b
    md-section-2: 391128dee61b5d0d43eba88567aaef42
    md-section-3: 9b4ec65aa0193788961676083dd28a57
    md-section-4: 9995a5b5186b592dcdf95fb410a66d45
    md-section-5: 34e0ed197bf607c034087a88d4f5ece9
    md-section-6: ab74b1f3cc5b231f454c804016b8620c
    md-section-7: f428d38226f0af3ef1108c60744441d1
    md-section-8: 84fbfe2848043cdd4a1d9a867a59238c
    md-section-9: 582bccc20f5f4ef67ee1c22facde045d
    md-section-10: 332cca8b2c02eb829c590626450bc50c
    md-section-11: 7ed95c21d0f3e0142cfb497f04108658
    md-section-12: 71dc6128465306b217fcdf21ff7a5f0e
    md-section-13: 7e16d63087cb7131d55faaca2bce22cf
    md-section-14: 19f662ed683c8a4fd53c814001ec881f
    md-section-15: 0784c70067a8796d2bd2cb9f4f62bd52
    md-section-16: 0eb8f925eee3a8f4e9f71857f41c30fa
    md-section-17: 77fbd88ef9c6b95c0dbfa44bdcb1fbcf
    fm-attr-title: 21e8993eaa084928a4d9a83dcb8b6e84
    fm-attr-description: e4af6697d6d07db9a759319f12ed6d1e
  7b88c380acd28aa3bd068b0a971f9da0:
    md-section-0: dbaedaa809c1df98f88e187e6e634468
    md-section-1: 0039923aebf14d5ce65ef931709d1454
    md-section-2: 78aeb8004e688c429ee1bb1616c1e600
    md-section-3: e60fffb7feddc8e231d49bc05f5ebe17
    md-section-4: 33b17b07e8c4609ec1f70e44b84aeefa
    md-section-5: a32b037e75bbfa198c6c4df4f42aaf38
    md-section-6: 6863ccb9f19b01e198ba5bfec87ff5a2
    md-section-7: 97defa9334e411fdb9da5ab7b6e2cfe6
    md-section-8: 1a2997770108de0797ff1d315ce6c0af
    md-section-9: ed9d0c9301f685a94c5e52f499bc0b6f
    md-section-10: 33b9b1e9744318597da4b925b0995be2
    md-section-11: 34e0ed197bf607c034087a88d4f5ece9
    md-section-12: 5d4076bdc88e9fc592dfb7a07873bea8
    md-section-13: 8875d767f2f36bc3512a307f810f6e01
    md-section-14: c83b0f68e9904c4500b8ec2e75e0d4ac
    md-section-15: 2fe9acfcea735730cadd8bdd21391f71
    md-section-16: 7c46d4ac11c24b5543014e7ace781b75
    md-section-17: cf429e42f75a26f7330d813bbac77f48
    md-section-18: 28a7f8a83c7032660ccc1d344f214f49
    md-section-19: 5c895aba9d69acc3aae6cb7b9e61ca52
    fm-attr-title: 8875d767f2f36bc3512a307f810f6e01
    fm-attr-description: b244e0c1804ad2d3785b99c847aa22ff
  e2f7bad23fa0e14805447fb8436c7784:
    md-section-0: dbaedaa809c1df98f88e187e6e634468
    md-section-1: 870c538a451835d885d1a0fa7fd30fd8
    md-section-2: 78aeb8004e688c429ee1bb1616c1e600
    md-section-3: 861a829d41fd8e4ffff970d4e577e55d
    md-section-4: 33b9b1e9744318597da4b925b0995be2
    md-section-5: 34e0ed197bf607c034087a88d4f5ece9
    md-section-6: 6c2ebebaece690738d8bb385339c6fca
    md-section-7: 0b01fae4687ed9da1aacab295ea60bcf
    md-section-8: 83b3061793496c6a6ebaf031fed20bc2
    md-section-9: fb6887c04d184dd7ee8c68566a31073b
    md-section-10: 28a7f8a83c7032660ccc1d344f214f49
    md-section-11: 8652b488d34af1a83e3f1c86ab2c3528
    fm-attr-title: 0b01fae4687ed9da1aacab295ea60bcf
    fm-attr-description: 43057c7ca02687d9a659f08b4f64138c
  61fdcd722ca2a22a7f5cff09b735f0e3:
    md-section-0: 1fe275a3cb9f5738bafa2cf3ca07117a
    md-section-1: b936b863996ea4c6fe1cc4811d3fca5b
    md-section-2: 148ec2b4d009f2fe0b7036c2c7d5507e
    md-section-3: bdd97f4c6b46aab001604491f6fe085c
    md-section-4: 256593a05ca3682a5bbf08f855b6cd18
    md-section-5: e04972f7ced5ae54f5db271c9bf0d5dc
    md-section-6: 438d58649f6735159ce59d962b006a7b
    md-section-7: 4b98c83d7c5114b61e7cad0c77ccdd2a
    md-section-8: fa8a70373c1f96de013b35ee63f14f36
    fm-attr-title: 069db9d4f5eebc8ad24c8dab5c461207
    fm-attr-description: dce9d8a94424bfe9d9f1594be921be13
  a293f6c34ff271be9dc5006bc8466abe:
    md-section-0: b1d98eea8993a124fa1b1ed0a948a4e3
    md-section-1: b936b863996ea4c6fe1cc4811d3fca5b
    md-section-2: af30f0eb450adbbac7fd9d87a3446cba
    md-section-3: bdd97f4c6b46aab001604491f6fe085c
    md-section-4: f25496e5d75ab01a2693c8e1e334f7f7
    md-section-5: e04972f7ced5ae54f5db271c9bf0d5dc
    md-section-6: 1f842b4a4c02e98270e74cce7540a4cc
    md-section-7: 4b98c83d7c5114b61e7cad0c77ccdd2a
    md-section-8: 0dd56cf502397e042fa4dd57cd40c192
    fm-attr-title: e2a6f192f78738e3c2a3009319f5b8a2
    fm-attr-description: 01be0da11f7d512a3b6f87b9f465835d
  297fef2f6c7ab75106569ffcb50adae2:
    md-section-0: 1c87a31c21f0105009c319ec8d259b3a
    md-section-1: b936b863996ea4c6fe1cc4811d3fca5b
    md-section-2: c865b95810e9c84cd4480e8e7416811a
    md-section-3: bdd97f4c6b46aab001604491f6fe085c
    md-section-4: c503eec2ae6ea8c70376dd9201f4a0fe
    md-section-5: d62c9575cc66feec7589fba95c9f7aee
    md-section-6: b6bb6a095d478f7b23a13bb24ba41167
    md-section-7: 4b98c83d7c5114b61e7cad0c77ccdd2a
    md-section-8: f0ae87abdcc28d160d5537020e8f9faf
    fm-attr-title: 9cc71753c31b2c2cf47b2674608b7be1
    fm-attr-description: ea351f117fe2bf9653a9c81968a54ae2
  9c82923776c9b9b66f003a3af502f668:
    md-section-0: bf353abf7825bf438a25c8a0e4887747
    md-section-1: b936b863996ea4c6fe1cc4811d3fca5b
    md-section-2: e5ace29e213bcb9778a74029bc0421d5
    md-section-3: bdd97f4c6b46aab001604491f6fe085c
    md-section-4: 8f0967e835f19b305fc1acbf2461ee5e
    md-section-5: 4b98c83d7c5114b61e7cad0c77ccdd2a
    md-section-6: 589356fbf7f58c50e3395111645d0b0d
    fm-attr-title: d1d3b5cb209f15d639a59854891e8f7c
    fm-attr-description: a52d0d8edd2b77e7255b169e88437724
  e2bc521a10abb4ee632a542e087b0efd:
    md-section-0: 61747ae08c1db39935163a51ff94af53
    md-section-1: b936b863996ea4c6fe1cc4811d3fca5b
    md-section-2: 0682b85fbdf18eb5dc827beba7c481e9
    md-section-3: bdd97f4c6b46aab001604491f6fe085c
    md-section-4: 8d4d07776a44c495da8f6e22f925309c
    md-section-5: d62c9575cc66feec7589fba95c9f7aee
    md-section-6: bb23c853af92b5736b2dffa81e3032d0
    md-section-7: e04972f7ced5ae54f5db271c9bf0d5dc
    md-section-8: 618569ac5ef6376e3d96c29d801b58bf
    md-section-9: 4b98c83d7c5114b61e7cad0c77ccdd2a
    md-section-10: 8b2bc11c6517f8c429a9ce34f5665e68
    fm-attr-title: 3f9f72433f02a892c810ee6d88047c53
    fm-attr-description: 489c54fa2a167f555e99f87af47e9a62
  2060a50ea3ab20fdca51e59a00257c82:
    md-section-0: c554012938bff3d2d4fe783c2007a7de
    md-section-1: b936b863996ea4c6fe1cc4811d3fca5b
    md-section-2: da7ceb32ab3dcefecc9c1e61e0be959c
    md-section-3: bdd97f4c6b46aab001604491f6fe085c
    md-section-4: 9cd83bf04961ff60d988cab460650450
    md-section-5: e04972f7ced5ae54f5db271c9bf0d5dc
    md-section-6: 5a1366d04929897ef3760c987583493b
    md-section-7: 4b98c83d7c5114b61e7cad0c77ccdd2a
    md-section-8: 6c666cfdba40d6757e197af91c034e56
    fm-attr-title: 532160b45564f5c34ce150220bf747a6
    fm-attr-description: c5d7e3be9684f4b4a13f17e9567aee1b
  5015d523e8b1e2fcb998c45251c7d945:
    md-section-0: e8160a339d21cd19df930bf4fe7acb93
    md-section-1: b936b863996ea4c6fe1cc4811d3fca5b
    md-section-2: 2dd7dd82314dadbd320c7ba4cf30020e
    md-section-3: bdd97f4c6b46aab001604491f6fe085c
    md-section-4: 82e5434f944d1a6f32eb5d3452027628
    md-section-5: d62c9575cc66feec7589fba95c9f7aee
    md-section-6: 1b1189cac7caef5333a8c44324fd2985
    md-section-7: e04972f7ced5ae54f5db271c9bf0d5dc
    md-section-8: 60bd9e0ac3ba93cecbbe9bf59c77862a
    md-section-9: 4b98c83d7c5114b61e7cad0c77ccdd2a
    md-section-10: 1cad748969c093cee2dc23bb9a6003d6
    fm-attr-title: 2034672f3922b3e0e0455be19b764455
    fm-attr-description: 4da0ba2022f7f78a1f0793a1583a91fa
  a52d21cb8579d67ceac0621a1676e20a:
    md-section-0: fa441e24a884cbaaf21677a2a05c49e4
    md-section-1: b936b863996ea4c6fe1cc4811d3fca5b
    md-section-2: 8d0d12a46c88fb2a743cd05d0aeefe37
    md-section-3: bdd97f4c6b46aab001604491f6fe085c
    md-section-4: 8246e2459ed3db47b0df00497deb9ed2
    md-section-5: e04972f7ced5ae54f5db271c9bf0d5dc
    md-section-6: 18d9d7cad0c10245716d6518aa501a34
    md-section-7: 4b98c83d7c5114b61e7cad0c77ccdd2a
    md-section-8: e9140e03e02b7c19d659a9dbb887947d
    fm-attr-title: 9a76ae8f041389851526b0ccb85f0195
    fm-attr-description: f30ce27038e5ae68a4b6d5be42ce3fe3
  ba9e78792aba211f52aa00e6d5d9c938:
    md-section-0: f96e9999b79f05a8cda0e39377354552
    md-section-1: b936b863996ea4c6fe1cc4811d3fca5b
    md-section-2: a78034642d5c7ae15eb0fad1788cd8ed
    md-section-3: bdd97f4c6b46aab001604491f6fe085c
    md-section-4: 62722e71671f7c66a5cd09a377a59090
    md-section-5: e04972f7ced5ae54f5db271c9bf0d5dc
    md-section-6: 71d8fe276aa00372f2b3a03b458531a6
    md-section-7: 4b98c83d7c5114b61e7cad0c77ccdd2a
    md-section-8: 8bb87577de0296569c5d486744e89412
    fm-attr-title: 2452bbdb29be8c9fdee8c19bf73cdc0b
    fm-attr-description: d85c641ad5ac89bd38ee06e8f8347b1f
  86f54dfcb2a8317a7bfe2642e5362ae5:
    md-section-0: 40b7ef998d0304e8d69e3a5674b093c6
    md-section-1: b936b863996ea4c6fe1cc4811d3fca5b
    md-section-2: cb9e19f99f46594e71bb005cc8fff962
    md-section-3: bdd97f4c6b46aab001604491f6fe085c
    md-section-4: 8f3bbcc6ec5093555b34cd17f4efe3a3
    md-section-5: e04972f7ced5ae54f5db271c9bf0d5dc
    md-section-6: 8d5d4d791152c62fc6f2c42c8cd1aebc
    md-section-7: 4b98c83d7c5114b61e7cad0c77ccdd2a
    md-section-8: f36c0a97e99134275dc8d933202cfb60
    fm-attr-title: 9d8be0138576242dd8483c1c7de1db7c
    fm-attr-description: efb2e1635c3a10e2f794912e17c5b017
  96babde6a51bae4dbaaf15be116d3e9c:
    md-section-0: d9bcdf36f0905caf632e016dfcda94b8
    md-section-1: b936b863996ea4c6fe1cc4811d3fca5b
    md-section-2: 9acc44c3e9858c97ab4a764b0b29ef07
    md-section-3: bdd97f4c6b46aab001604491f6fe085c
    md-section-4: e72a3a741f135abd3be116e22d926b3c
    md-section-5: e04972f7ced5ae54f5db271c9bf0d5dc
    md-section-6: d8706291029f3e7f497a31461c450771
    md-section-7: 4b98c83d7c5114b61e7cad0c77ccdd2a
    md-section-8: 0b30656d72b1882d539a16205d9b344a
    fm-attr-title: 35114982cf6a00b829ad427d7ca35dbd
    fm-attr-description: bcb34f0b9418d2df701ca751f929581a
  489870e8b0510abaa3d07dfad8cf53c5:
    md-section-0: 93c924fea37c353cd1f6e95e0a4e4fa3
    md-section-1: b936b863996ea4c6fe1cc4811d3fca5b
    md-section-2: c682e245d1c521f5bca3c6e93aba7f4d
    md-section-3: bdd97f4c6b46aab001604491f6fe085c
    md-section-4: a82ae42939e5794b23e48643e40eac6e
    md-section-5: d62c9575cc66feec7589fba95c9f7aee
    md-section-6: 24bec17dce648b5e2d501aa7398bae3f
    md-section-7: e04972f7ced5ae54f5db271c9bf0d5dc
    md-section-8: d1cc35f5278930fc2adea67e9f592f58
    md-section-9: 4b98c83d7c5114b61e7cad0c77ccdd2a
    md-section-10: 98970be9fbf1fc657f42eeea377502b7
    fm-attr-title: a155aad2c7a3b26c9c9f72f86a3446e5
    fm-attr-description: 4c6b92db8809d9fb689e60f8c6231d99
  8cf0086fa99cb3da65d5008fcbd95f31:
    md-section-0: e74e234e0f3a253fdd7873e6615481bd
    md-section-1: b936b863996ea4c6fe1cc4811d3fca5b
    md-section-2: ab4b444373790ad28548e1bb0c037d5d
    md-section-3: bdd97f4c6b46aab001604491f6fe085c
    md-section-4: ceff1fa98a59ac4629899dbe6de84597
    md-section-5: e04972f7ced5ae54f5db271c9bf0d5dc
    md-section-6: 41e8aa00eb24b695fcf2a77516ea7d27
    md-section-7: 4b98c83d7c5114b61e7cad0c77ccdd2a
    md-section-8: 7449fd91db0ea6caaabbadb57f0a58b0
    fm-attr-title: a39d49721b142f95860672249864740c
    fm-attr-description: c3120abe7bedf91ea91788ab98742a00
  1695c992713608de71fefc252e87d4ac:
    md-section-0: da8b07569e354b234a12141d57c09e0d
    md-section-1: b936b863996ea4c6fe1cc4811d3fca5b
    md-section-2: 512575fe4f2efe0fdd369434e8a476bc
    md-section-3: bdd97f4c6b46aab001604491f6fe085c
    md-section-4: 62cdd7b2abeb430a71b7e926ca71a911
    md-section-5: e04972f7ced5ae54f5db271c9bf0d5dc
    md-section-6: 9d8b685325afe4316b387308415087b4
    md-section-7: 4b98c83d7c5114b61e7cad0c77ccdd2a
    md-section-8: 7db6cb5986beea0fb33e4d8cb2eea9ba
    fm-attr-title: 507bea6c378a316c6664a4c5d67d0006
    fm-attr-description: 241ec2255cd3044eb1bef001f3e7bfaf
  48e07c2d1701afc1d0b7cf72f353f1f0:
    md-section-0: 951ddab5ba78d64048d9502270c26d16
    md-section-1: b936b863996ea4c6fe1cc4811d3fca5b
    md-section-2: e8b932c861b231a9c55deab6d0e3e498
    md-section-3: bdd97f4c6b46aab001604491f6fe085c
    md-section-4: 9ed5bbbc597c3c26f54d285f95a7024f
    md-section-5: e04972f7ced5ae54f5db271c9bf0d5dc
    md-section-6: 0e1b1dd751fccf26b2c55039cacc9001
    md-section-7: 4b98c83d7c5114b61e7cad0c77ccdd2a
    md-section-8: 36717c198b3eede9a1f74bc536223fed
    fm-attr-title: 7e5a29447db5dcc0726162d518735729
    fm-attr-description: 4005e337e808bee983f2042ac862bb73
  c75180b3ad8b14ef227ee080dcd7ca18:
    cta/heading: 5c783951b0100a168bdd2161ff294833
    cta/linkText: 0c2d2900d39a3d88d91cfbd0ed024301
    heading: 944521eeeed2511833d2299931273c71
    intro: 27a39bb491b9b2e989c6eb5f49804651
    maintainer/description: 290d8bf0d95a8c88ec044fee9d37f95e
    maintainer/heading: 7cfc2a0845ce7ae0ca09301af5ea8a22
    maintainer/name: b40c86ef5f74ad70f79daa05a7242805
    principles/items/0/description: 1e729b9dc8ee65ee1b730d71af4f9719
    principles/items/0/title: 365f8e97cf92581636696280eb8b2d50
    principles/items/1/description: e685115e7670cde66f49661b877f945c
    principles/items/1/title: d7d1e097044739af3dd549fe8345de2d
    principles/items/2/description: 0f5ba1e846dffdb3b9264121f907cdb6
    principles/items/2/title: 638d95cf330f0834a1565181f46b39ad
    principles/items/3/description: 9a77eb85915d8587e8745699feb0ab94
    principles/items/3/title: d2044058200c8b42ab3f6a28e62488e0
    principles/title: 8565ed2b71f84afdfb2ecf0ae6638da4
  9aae3809b31fd792e548f1c8dd0735c9:
    categories/ai: 2bcdd820008a43e694113c853e469a78
    categories/analytics: ec67586974cc78f25959d47bb36683a7
    categories/ci-cd: 36f8ddaf8f76e29bfb4611e550e913ab
    categories/communication: 478f3ecaf6419fa9f11f2a83639188c6
    categories/credentials: d1ed05b5b14d51838ce850357b440d71
    categories/devtools: b315a200d53ec84e176d3368f5a821bf
    categories/funding: 246f101c132408b0822006386d6ae2e1
    categories/hosting: ccc4c1b256674fc4434cb12e6e738c84
    categories/infrastructure: 1a2786f84d5ac41ab942b7cf4ab4b36a
    categories/monitoring: d5d60642f01ebd1b1175d4a94d1f7cf7
    categories/security: 4b34923fef858a2b9a4a914c3e822889
    categories/testing: 3995ed6be6e0469dd69f1bf5f75aace9
  38f3f6f082a8baf255d7f5f4c9bcf41e:
    builtBy: 06fb87953cf485b8d7ac27a00d215e03
    hostedOn: 7de04c9ccf729a5278c6adc66fb18ed0
    llms: 1f43c95ec700ff16152f324118a82aa8
    translationsBy: a1f77585306b3120262252c70f5be7ab
    twitter: 8ab47cae854e4f275b97d7e19aeb15dc
  f083f23053563fa26a106c2575589011:
    builtFor/description: ac3c5d62dd2b3b3fbb10c2ba2f8070f2
    builtFor/heading: 655d06009eb226d75a486e60a899444f
    builtFor/subheading: 3e693a334b99d6e5cea32e7f76766ff8
    cta/description: b0c03a59250c8ff1b221d20c91c74055
    cta/heading: 07f1ee507477c12cb341607113be1aec
    cta/submitContact: 8ebcb3816847eb9fceb11653c3281ee9
    cta/submitProgram: dfb3d0a897a8107d62acd7ec2b120905
    description: 61f3814a939434a06b121a3f97126397
    featured/heading: fa351b536b829beaeb86ba5a4124463b
    featured/viewAll: 590a4c1776a31ad8370306531e06e9f5
    heading: b3292b6fb70658280680f23bc094f537
    hero/browsePrograms: 1341299c15f2d6dc003a8059f15a04cd
    hero/submitProgram: dfb3d0a897a8107d62acd7ec2b120905
    howItWorks/heading: f4fc17f707e6d8b58a95754eefe9bf12
    howItWorks/steps/0/description: bf57318355376f9787b90b4e06a03074
    howItWorks/steps/0/title: 8c3ec6a10e62282adb6f70de13017a3f
    howItWorks/steps/1/description: b2a39c312f4ddb7c46f726acf7f2cd2f
    howItWorks/steps/1/title: 0f03e8e3752eb120bf8ea0b8f8f5d244
    howItWorks/steps/2/description: 0693bf4d654a5412d6f8865a0104f472
    howItWorks/steps/2/title: 621d2992da8ba03019465df6ce0ff101
    howItWorks/subheading: 0f2adba8d50a002912ddbf6cd5c7f071
    people/description: 7888c007b0a2cc0dc037e2d5dd4470b4
    people/heading: 78e7bf1a97124321076947a78132a665
    people/viewAll: 590a4c1776a31ad8370306531e06e9f5
    stats/categories: fd4e44f3b1b2bba9ca45f3aef963d042
    stats/people: d5b6c3f890b3904eaf5754081945c03d
    stats/perks: eb427698ebe9ae6b8557dc5fa6d7df22
    stats/programs: 3ff9bc9b9ee8c56caf847534a993799a
  e0e60ca78f49204b0675d086be3a7954:
    associatedWith: b3f4c67ed6410d74b6915d7f6af70915
    backToPeople: 756fe2eb6e467c5c1928045e1741e1b1
    description: 5249880caabb998eb6357c63dd510630
    detail/about: 944521eeeed2511833d2299931273c71
    detail/noPrograms: c8f9b2c7ad99cfeb0b67f0e85ca71456
    empty: 78235a1baacc5fdab7ee12d94c16d48f
    heading: 3252cfea4b28953da45166db271641f8
    roleAt: ce45928e283e07fae98e2e3aac55bb56
    submit/buttonText: 8ebcb3816847eb9fceb11653c3281ee9
    submit/description: b447e43af290c870c53286f206d45492
    submit/form/nameLabel: 9368b5a047572b6051f334af5aa76819
    submit/form/namePlaceholder: 4198690151fdaf89b23977cd6630388e
    submit/form/programLabel: 706fa8470a8fbf4374855ee7e794dee2
    submit/form/programPlaceholder: 39e148b272c92b45af0edeeef2f89d15
    submit/form/roleLabel: 53743bbb6ca938f5b893552e839d067f
    submit/form/rolePlaceholder: 6d11da07c15481f96b7baa4d04b69425
    submit/form/urlLabel: 31fdea320fa091605cde7da6a82f3e61
    submit/form/urlPlaceholder: 49c66a225e48182785a6957de2c405bd
    submit/heading: 8ebcb3816847eb9fceb11653c3281ee9
    submit/submitButton: eae686aada1b0c9dbbed6adae53e478a
    submit/submitError: 651acb987009048c7b8973a18abb9bc0
    submit/submitting: 6845d212e994f3023c5287bdd3b74875
    submit/success/close: 2c2e22f8424a1031de89063bd0022e16
    submit/success/heading: ab37f3e798303995b799bdc67568a5fd
    submit/success/message: 091bb785985b1a32ed941ded4edc07a7
    submit/success/viewPr: 3f7b1daa999bba5fb0b1b45cda69ab6e
    submit/validation/invalidUrl: 8537728f12ac2fd0ff7db4f4e8d5b19f
    submit/validation/nameRequired: 9cfb07618c3bfb2d8d50f93c983e9ae6
    submit/validation/programRequired: 0b43f9a266233314799425641ec3f143
    submit/validation/roleRequired: 91a8560570f48a2df6e52b685b7d42fb
  13243acbfeb8b32e5a3e6cab5806841b:
    applyNow: dda0f525ab0d2571977c49edea557ee9
    backToAll: cd30f7decca30718db2d749ee104b8aa
    by: 4bfd9ca52df95a588eb1829ede67aedb
    filters/allCategories: 2547e684d62a4710bdfbb9415a9970d0
    filters/allTypes: 32b4b35f93cc4c04ba5a5d2192340a99
    learnMore: b592ee1b937b1288dd5f23fe0d673025
    listing/description: 813b34c2419cac8582ce6f2abebab475
    listing/heading: 3ff9bc9b9ee8c56caf847534a993799a
    more: f0be9cef4f29cd8e4af396331401f6c1
    sections/checkEligibility: c78c37d3cb0cf7ce3bbc584fc19607f8
    sections/eligibility: a895f9c2afd359f5f525b176d1c6010e
    sections/howToApply: a99f6bc59f4b62ef7a03f58b512ded6d
    sections/perks: eb427698ebe9ae6b8557dc5fa6d7df22
    sections/requirements: e108e149e0fd5b65f5850b6f032ccabe
    sections/tags: 97813c8ae67d69575fd04e35a88aed0c
    submit/backToAll: cd30f7decca30718db2d749ee104b8aa
    submit/autofill/button: 20c7e93429022eac57aad3b06457ff53
    submit/autofill/description: 9b54c0d25ed79784ae2219ff8678d136
    submit/autofill/error: 6ea6f04873643bf0f1b8356d542f7812
    submit/autofill/heading: fc9dfe2ecbbc8e0513a598b572045e7a
    submit/autofill/loading: fe67b7aa9ef6095848101741e91feb27
    submit/autofill/placeholder: 49c66a225e48182785a6957de2c405bd
    submit/buttonText: dfb3d0a897a8107d62acd7ec2b120905
    submit/description: ea75f769757ac33d855e2bbac32861be
    submit/form/addPerk: d3e56475241e1dbe832d037fecd997f0
    submit/form/addRequirement: 26ee6c7439e99431bd4e8d6181e23ac0
    submit/form/addStep: a2feffd01d0e793021996eb437249e7b
    submit/form/applicationProcessHelp: 8a91d6eab3e2daa9a5b7199b35421ff5
    submit/form/applicationProcessLabel: a99f6bc59f4b62ef7a03f58b512ded6d
    submit/form/applicationProcessPlaceholder: bfdea6f521d67560ae401a90a1ca4ed9
    submit/form/applicationUrlCheckbox: 4fd3b2cdca943fbf081dec9df1242ceb
    submit/form/applicationUrlLabel: c461e4b795f94990e862b6a9caf078fa
    submit/form/applicationUrlPlaceholder: e04bdb74f3897c39529606dd141c4d44
    submit/form/categoryLabel: 1b0340cd175aa5a2be745a0d54908466
    submit/form/categoryPlaceholder: 3c6fd489766d33c9c717b33fb4b0de26
    submit/form/descriptionLabel: e17686a22ffad04cc7bb70524ed4478b
    submit/form/descriptionPlaceholder: 84930d128127e7e53aafb5ff9f2b6dbc
    submit/form/eligibilityHelp: 1fdef5b5b07f80c937a31b080b400596
    submit/form/eligibilityLabel: a895f9c2afd359f5f525b176d1c6010e
    submit/form/eligibilityPlaceholder: 6d84087758adb733b799154ae8527ede
    submit/form/nameLabel: 9c39c0ea2876c7c3c56e6cbb8ee4ab2b
    submit/form/namePlaceholder: 42a30802555f06fb139d3a73a898383e
    submit/form/perkDescriptionPlaceholder: bf924ce77db322d201866d1421e45bcc
    submit/form/perkLabel: 501d514fe22b8cf1d55ebafcbdb68164
    submit/form/perkTitlePlaceholder: efe4a8044f9023045926d9f61b062716
    submit/form/perksHelp: a71da7e0be0cf36d8c69b49c0ffafa28
    submit/form/perksLabel: eb427698ebe9ae6b8557dc5fa6d7df22
    submit/form/providerLabel: d7bb643922dba7960bfb99ec1d746bdd
    submit/form/providerPlaceholder: ff11708568878555f7532a743431ff51
    submit/form/requirementLabel: e5b25e3bcf67f5411713af073d2fbaf0
    submit/form/stepLabel: 47528557e8a3cb4a59e08a3f82cd2ad5
    submit/form/tagsAddNew: dd1bc27c10bd45dfab24730831e4d25a
    submit/form/tagsHelp: 57b1a373e132a291cf8bdd162a19b37a
    submit/form/tagsLabel: 97813c8ae67d69575fd04e35a88aed0c
    submit/form/tagsNoResults: 1bf4fe21ae483c05c583b26b3011f2b7
    submit/form/tagsPlaceholder: c816e274d8304985bd6b05a4ee3f2939
    submit/form/urlLabel: ca97457614226960d41dd18c3c29c86b
    submit/form/urlPlaceholder: 49c66a225e48182785a6957de2c405bd
    submit/form/contactToggle: 5f03bda43caafa5c14d84b51be828c9b
    submit/form/contactNameLabel: ffeab496b0d8edf12a8640c576305803
    submit/form/contactNamePlaceholder: 4198690151fdaf89b23977cd6630388e
    submit/form/contactRoleLabel: 53743bbb6ca938f5b893552e839d067f
    submit/form/contactRolePlaceholder: 6d11da07c15481f96b7baa4d04b69425
    submit/form/contactUrlLabel: 65db1077292babeb7da452ebbfa27d63
    submit/form/contactUrlPlaceholder: 49c66a225e48182785a6957de2c405bd
    submit/heading: dfb3d0a897a8107d62acd7ec2b120905
    submit/submitButton: eae686aada1b0c9dbbed6adae53e478a
    submit/submitError: 651acb987009048c7b8973a18abb9bc0
    submit/submitting: 6845d212e994f3023c5287bdd3b74875
    submit/success/close: 2c2e22f8424a1031de89063bd0022e16
    submit/success/heading: ab37f3e798303995b799bdc67568a5fd
    submit/success/message: 091bb785985b1a32ed941ded4edc07a7
    submit/success/viewPr: 3f7b1daa999bba5fb0b1b45cda69ab6e
    submit/validation/categoryRequired: 3652c72f89c0a6c0f305be0a4eea6740
    submit/validation/descriptionRequired: 226a0a9ce2cb508d3044b8057fb12afe
    submit/validation/eligibilityRequired: 6718d246c0919af87b8814c43a84d649
    submit/validation/invalidApplicationUrl: 8537728f12ac2fd0ff7db4f4e8d5b19f
    submit/validation/invalidUrl: 8537728f12ac2fd0ff7db4f4e8d5b19f
    submit/validation/nameRequired: 938d04e63f999c7c9f8128c50a2a307c
    submit/validation/perkRequired: bf655f2b2dd96c8caed7a24c0c2bf578
    submit/validation/providerRequired: fc2dc4b572eb864d493fa0ed5d8fd5fb
  c360dce988b3de0edd3ecb747c4b169a:
    cta/description: 3f023c755ee401ec2b5c721e95818c27
    cta/heading: 018629fc3046fa1d005d2ade0586f500
    cta/linkText: 4e0b4fe5d7ee7e38eb7b3a5b40f0760a
    heading: 597c646b3f4d05fe05211361258699c1
    intro: cd2d1ef35de05027304dbdc5605ec92b
    tiers/bronze/description: a7d0009988c3cceeae8412675aaa90e2
    tiers/bronze/name: 90a6cff7f91d212694bf9c537124205d
    tiers/gold/description: 4d04944597c98339f8c266b1b781fb4c
    tiers/gold/name: 80b26e91a3ebd5460557176848f9e524
    tiers/silver/description: 358a2c0a7f8d4f5f8eb7f47d4ee72a31
    tiers/silver/name: 35f45fb4e01b490774f4f1433b867ef8
  4d63bb88542a5fecfbfcfcfa64a128a0:
    md-section-0: 90121e7e2b7be5b5cb1ee48f3e68ec03
    md-section-1: b936b863996ea4c6fe1cc4811d3fca5b
    md-section-2: 7294bf61884c8342a55c58bb359736c2
    md-section-3: bdd97f4c6b46aab001604491f6fe085c
    md-section-4: e2c6cbd820ed89079b2eac7dadef9957
    md-section-5: e04972f7ced5ae54f5db271c9bf0d5dc
    md-section-6: 89eb92434a0f957cdc7d4aad312db58b
    md-section-7: 4b98c83d7c5114b61e7cad0c77ccdd2a
    md-section-8: 8ad0f8b4b968cab0a58f93e0030cddd1
    fm-attr-title: 2a29d872b818045abe41537a5bda4438
    fm-attr-description: f9aae78414784e95eec28c373f3292b5
  a0c59826687ecac39a602546f564507a:
    md-section-0: 4e9052591fdf0cac33eaef50625ac45f
    md-section-1: b936b863996ea4c6fe1cc4811d3fca5b
    md-section-2: 110bac7966d1424b9e423e4d3aa9b6c3
    md-section-3: bdd97f4c6b46aab001604491f6fe085c
    md-section-4: d30ec8e62d49c351795ebad7e34e6863
    md-section-5: e04972f7ced5ae54f5db271c9bf0d5dc
    md-section-6: cff90fcc1350514870482af60ec171ee
    md-section-7: 4b98c83d7c5114b61e7cad0c77ccdd2a
    md-section-8: 485131232ea3b981cc3cf5f884468376
    fm-attr-title: 918475d7345162916db59e59a3d56114
    fm-attr-description: 5dee66424cabb54cdc14e080fc5b3ea2
  6565b006af3b26c2bea0934d78aa3e6e:
    md-section-0: 8556ea6be2255683535f34aee70ad59e
    md-section-1: b936b863996ea4c6fe1cc4811d3fca5b
    md-section-2: 6389cb9177a0620627b2f959d0f42e03
    md-section-3: bdd97f4c6b46aab001604491f6fe085c
    md-section-4: 8f732e6b0148c08bb81ffdb113799ba9
    md-section-5: e04972f7ced5ae54f5db271c9bf0d5dc
    md-section-6: 2a2b4e2507c26601b5b8565b4435420d
    md-section-7: 4b98c83d7c5114b61e7cad0c77ccdd2a
    md-section-8: a2698c41b6d189832c82422fe5744530
    fm-attr-title: afcd2afee7efc0a40f558b4143f87647
    fm-attr-description: 1549895f6fa820b769a0cb138d492261
  e64c7a6ef421356b84d1f02ffe31c3c5:
    md-section-0: 1733162c7296b2bcaec4bfa3c2c0f487
    md-section-1: b936b863996ea4c6fe1cc4811d3fca5b
    md-section-2: 6162108e3820fe259478c24654ffb440
    md-section-3: bdd97f4c6b46aab001604491f6fe085c
    md-section-4: 1d31444a4839862bd1a2e11d7651afcf
    md-section-5: e04972f7ced5ae54f5db271c9bf0d5dc
    md-section-6: 65c9ec91805c2ccc1f566e448af3fe0b
    md-section-7: 4b98c83d7c5114b61e7cad0c77ccdd2a
    md-section-8: 19e3508e2031cce8e3f524b0b6109a02
    fm-attr-title: da766a6433f1e81d0282e2f9472f3015
    fm-attr-description: 64c3b9c8c184304a67bcfb074f94eead
  ff6d20701a44359db36f7d5ed065782e:
    md-section-0: 20510f0985ba1a941c56ce4cc5d57963
    md-section-1: b936b863996ea4c6fe1cc4811d3fca5b
    md-section-2: d0e40ffa45ef15802736d13cd1cde75d
    md-section-3: bdd97f4c6b46aab001604491f6fe085c
    md-section-4: 16197a421830cbf3a660068f4d701570
    md-section-5: e04972f7ced5ae54f5db271c9bf0d5dc
    md-section-6: 77b647db11f038cb09192de2ce62528c
    md-section-7: 4b98c83d7c5114b61e7cad0c77ccdd2a
    md-section-8: b4182b2d4760623c25f90df9e015d2a7
    fm-attr-title: 51d0224693124258182c23aeb5eaef04
    fm-attr-description: 09045f03be1fc2a2a48ddb603e14409a
  24ee6e02f9168fe1b0d7050bbeb464d4:
    md-section-0: d24ab8ffa5062c53507f090fafca1117
    md-section-1: b936b863996ea4c6fe1cc4811d3fca5b
    md-section-2: 0fdd848264e261e6d64f96ff488179b6
    md-section-3: bdd97f4c6b46aab001604491f6fe085c
    md-section-4: 5c0ffec02aa373975ccc6fcc409189cf
    md-section-5: e04972f7ced5ae54f5db271c9bf0d5dc
    md-section-6: cbf84c754b87240db4b69770d148c067
    md-section-7: 4b98c83d7c5114b61e7cad0c77ccdd2a
    md-section-8: 98476b81c0d8d24153bed292ac06e41d
    fm-attr-title: 194b982665ff1393aa61a24e553ac2c7
    fm-attr-description: 01d6d33804ce9f943419f4e46d01fe4c
  5d9475a28fdd028b32c6eb54871fefed:
    md-section-0: 98c7f044755405687adbc12d3aaa5c48
    md-section-1: b936b863996ea4c6fe1cc4811d3fca5b
    md-section-2: dbad8f503facf84e89fe9832238bb388
    md-section-3: bdd97f4c6b46aab001604491f6fe085c
    md-section-4: f7b606e544bfaa55a21ca9b11ea2b3d1
    md-section-5: d62c9575cc66feec7589fba95c9f7aee
    md-section-6: 9a960299df55bca9d687a743e812a207
    md-section-7: e04972f7ced5ae54f5db271c9bf0d5dc
    md-section-8: 9f2189c2e9c373401f57299f74f26368
    md-section-9: 4b98c83d7c5114b61e7cad0c77ccdd2a
    md-section-10: 9cfbec244d99e00b5650b3f323925733
    fm-attr-title: 8bf0499bd67e909d8bdc89b79acda23a
    fm-attr-description: bb9de0bb45c0c527bb8eaea80372fe8f
  02d5cd72f471cb536bcaac80950856d3:
    md-section-0: 8696a224daf014e0582a4963c1394527
    md-section-1: b936b863996ea4c6fe1cc4811d3fca5b
    md-section-2: 65b8a2829641d95f56436f919e7126d1
    md-section-3: bdd97f4c6b46aab001604491f6fe085c
    md-section-4: 97f0a40ee2eb5574f8627c971593116e
    md-section-5: e04972f7ced5ae54f5db271c9bf0d5dc
    md-section-6: 477f9987a79f42d6ea56c54799f92574
    md-section-7: 4b98c83d7c5114b61e7cad0c77ccdd2a
    md-section-8: 1414665c7e93f21e833280b12c4094f8
    fm-attr-title: ea9c206c37e39a52405995e7f79b0e15
    fm-attr-description: 333571c12b3f1d92b0a5f32366754a5a
  d585a3075835a6ebcc00758fd84f7971:
    md-section-0: 1d86619cd5923f4eac2419aefd580288
    md-section-1: b936b863996ea4c6fe1cc4811d3fca5b
    md-section-2: ea1a2b3eaf9ef1a86be11f37ff52f6b2
    md-section-3: bdd97f4c6b46aab001604491f6fe085c
    md-section-4: 730d2dbc2c6930932c79361ecc5b7e8d
    md-section-5: e04972f7ced5ae54f5db271c9bf0d5dc
    md-section-6: c3c933421fc5bb40d682bf41d107c250
    md-section-7: 4b98c83d7c5114b61e7cad0c77ccdd2a
    md-section-8: ef20576fdd0af50ecf79085d6d523e75
    fm-attr-title: 7aba7353816425dbb9c5adfa70a21f16
    fm-attr-description: 8fe8b977bc53645194fc7d2882927f9c
  0789d95923ceb6ae8d493e8add984a8e:
    md-section-0: 8d9d29a2cb9988d48dc3477bf835eb2c
    md-section-1: b936b863996ea4c6fe1cc4811d3fca5b
    md-section-2: a3515ad9b1cf87fb6229dee2edd8a230
    md-section-3: bdd97f4c6b46aab001604491f6fe085c
    md-section-4: df31b21d15e211caf7b293b802439d81
    md-section-5: e04972f7ced5ae54f5db271c9bf0d5dc
    md-section-6: a821095818833714703db4f844df01c9
    md-section-7: 4b98c83d7c5114b61e7cad0c77ccdd2a
    md-section-8: 6b7ce522b5ab968d37ed158cae5e5f0f
    fm-attr-title: 3c27dad3e000db5ba25723fa605a0fc2
    fm-attr-description: 4a262f4d387d04f471f05bc77fb7caa9
  448fcc71cba7493ecb2ceb002d512501:
    md-section-0: 2a37c3f0b6b6fe9836bd7bf9b3cc7d85
    md-section-1: b936b863996ea4c6fe1cc4811d3fca5b
    md-section-2: b218d32a906f0c10bcf0575baf30422a
    md-section-3: bdd97f4c6b46aab001604491f6fe085c
    md-section-4: 50955c83b68b87abef0fce4c0fe04d24
    md-section-5: e04972f7ced5ae54f5db271c9bf0d5dc
    md-section-6: 5c6fa858d96ed501cf65ab92833488e5
    md-section-7: 4b98c83d7c5114b61e7cad0c77ccdd2a
    md-section-8: 579f5cc2d2532d08a2774eb7c8be8b03
    fm-attr-title: 9346bc6f40df3ae097db985204d789e7
    fm-attr-description: b3602a5559f0f24ab81adb2d37b27c76
  2669e697ba18e2c55c124fa4374ed245:
    md-section-0: 197047c08d44380df3ad9b9426dda9f1
    md-section-1: b936b863996ea4c6fe1cc4811d3fca5b
    md-section-2: f9e7c3cfa9bea868675121b46ac147f5
    md-section-3: bdd97f4c6b46aab001604491f6fe085c
    md-section-4: 4a3d7fff931b606ec1564f2489a0ebc0
    md-section-5: e04972f7ced5ae54f5db271c9bf0d5dc
    md-section-6: d1d20f1fb5cc22b433cee00a9e730efa
    md-section-7: 4b98c83d7c5114b61e7cad0c77ccdd2a
    md-section-8: d139d581a2b054f283ab980593ba7d1b
    fm-attr-title: 8f0cc6f0a118d3d48868c5182086b801
    fm-attr-description: 2cae1f3a76c3c6fcf1b8096aae3d1091
  801037dcaa1b25239711787567485928:
    md-section-0: 6e272d2fbb6d1eacf33dcb549a2d97f0
    md-section-1: b936b863996ea4c6fe1cc4811d3fca5b
    md-section-2: 8a9f9c57857f8bfa426e93684a91798c
    md-section-3: bdd97f4c6b46aab001604491f6fe085c
    md-section-4: 21a65ed7426de7002718edf9a96e80a9
    md-section-5: e04972f7ced5ae54f5db271c9bf0d5dc
    md-section-6: 71a1f8fe974cd48fd37a6a211c891102
    md-section-7: 4b98c83d7c5114b61e7cad0c77ccdd2a
    md-section-8: 3a2584804c531da51b4e9e1ab2e272aa
    fm-attr-title: 3e97b8fe646eac37f6c15ca5f3112692
    fm-attr-description: c2b6ad31ff060324f3192c80c6391a62
  554d1656621bf856898984a98285e064:
    md-section-0: bbc5a0c3d3ed18fb081dbdc922731dcc
    md-section-1: b936b863996ea4c6fe1cc4811d3fca5b
    md-section-2: 0ee36360ff2606233b864c18db06966b
    md-section-3: bdd97f4c6b46aab001604491f6fe085c
    md-section-4: 8b092ceba6657f470a76228c02da3931
    md-section-5: e04972f7ced5ae54f5db271c9bf0d5dc
    md-section-6: 56152b096b86259d6f7db881977e0009
    md-section-7: 4b98c83d7c5114b61e7cad0c77ccdd2a
    md-section-8: 10ac145b4bc3cb9f76ca3ec905fc2f60
    fm-attr-title: b245e39ce224dc52f1727bf9d6549214
    fm-attr-description: 50ee8186dbf7eec4b8df09871b5504ae
  143269923c498237a953e32602fb51e1:
    md-section-0: f2c430180ac3f3d33063b8a7c9094caa
    md-section-1: b936b863996ea4c6fe1cc4811d3fca5b
    md-section-2: 2d74c660307ec5f6f063d456838a2288
    md-section-3: bdd97f4c6b46aab001604491f6fe085c
    md-section-4: 7ebd082d971d20227e83656062b16fc4
    md-section-5: e04972f7ced5ae54f5db271c9bf0d5dc
    md-section-6: 1aa7623a55414bc6f9e6c292a083b71a
    md-section-7: 4b98c83d7c5114b61e7cad0c77ccdd2a
    md-section-8: 4b49c31c6d6c2380ef72fc853059e5e3
    fm-attr-title: 3f2d4d4cea02c9c1b1234f32fe6d733e
    fm-attr-description: ca339a217a9bf1246bd3b4bc372407d5
  b48b56285ff6bd1e8d83f2f122a2de81:
    md-section-0: d2f59def908bc1bf8a1cfb749f9657c7
    md-section-1: b936b863996ea4c6fe1cc4811d3fca5b
    md-section-2: 28c46a2b6de627c10848103a4dd74498
    md-section-3: bdd97f4c6b46aab001604491f6fe085c
    md-section-4: 2a29b67bebb631d4d1b496c4ab883f37
    md-section-5: e04972f7ced5ae54f5db271c9bf0d5dc
    md-section-6: 80c3ba01eab36c09f954e5390e7c736d
    md-section-7: 4b98c83d7c5114b61e7cad0c77ccdd2a
    md-section-8: 9acf36650a2ac0e423b7f473e9488595
    fm-attr-title: e83619edc55661e28846c81ef7db0c46
    fm-attr-description: 7b307b2ac5fab50c2c8ee90d97ab3a14
  290ad2c9de77b7f927f7f18341830dce:
    md-section-0: fd44fd9e74f63b5288a4f3c82c8dcd71
    md-section-1: b936b863996ea4c6fe1cc4811d3fca5b
    md-section-2: e1c687e154830c730cc4cf1db559a8cb
    md-section-3: bdd97f4c6b46aab001604491f6fe085c
    md-section-4: 878fc8b53996f31481b841e138f5414d
    md-section-5: e04972f7ced5ae54f5db271c9bf0d5dc
    md-section-6: a419332d76ecfc0e294efa60ae112fec
    md-section-7: 4b98c83d7c5114b61e7cad0c77ccdd2a
    md-section-8: bf7d4a760925bf2ef77da8ce71a6220f
    fm-attr-title: 6390deef6341fa57d8c4575c0315bde0
    fm-attr-description: a259d049326f010aa9f1062661d45b99
  9f6e8d61f67dcf177e98ccb14b361d4f:
    md-section-0: 9d357c0838d7fdbf27f2aeefe5a87554
    md-section-1: b936b863996ea4c6fe1cc4811d3fca5b
    md-section-2: 7e3165a3d23183f772431ef5a45c01ae
    md-section-3: bdd97f4c6b46aab001604491f6fe085c
    md-section-4: f65728fb28f2a20014b0d90131a69c89
    md-section-5: e04972f7ced5ae54f5db271c9bf0d5dc
    md-section-6: 38f9042e6367f255a639e90dc83f8f5c
    md-section-7: 4b98c83d7c5114b61e7cad0c77ccdd2a
    md-section-8: 113a40c5d22dd837db8c5bfecd023ef4
    fm-attr-title: 2e84c63982059cb3a1347021b118d4a0
    fm-attr-description: f54885a9760fdd5f2e954c675d3e96dd
  82ca4fe7706f84095fd4d74d854c2c8a:
    md-section-0: 2faeb1aa9af0e866b4eecab7edce98ad
    md-section-1: b936b863996ea4c6fe1cc4811d3fca5b
    md-section-2: bfc0530d7e36046ad80f77854da52fe5
    md-section-3: bdd97f4c6b46aab001604491f6fe085c
    md-section-4: fc05720824c56604cef773b1cd217721
    md-section-5: e04972f7ced5ae54f5db271c9bf0d5dc
    md-section-6: dff655763e60ff4453e6bdbbb2072066
    md-section-7: 4b98c83d7c5114b61e7cad0c77ccdd2a
    md-section-8: 498bcc754e988a9f50c8d6df33f8b432
    fm-attr-title: f3016b281c6705b3e7f71427ff66ac30
    fm-attr-description: e1ae3ec31c411b94bc4bb4a1170b0474
  253b43fe0e3a704d7111d51c4cb9c517:
    md-section-0: a3ec7f66229fe3b46fc156127a546f14
    md-section-1: b936b863996ea4c6fe1cc4811d3fca5b
    md-section-2: dc76cd980762ca68678c18d078ba4007
    md-section-3: bdd97f4c6b46aab001604491f6fe085c
    md-section-4: 52ab1b21544aa7f93501d8a0d1743baf
    md-section-5: e04972f7ced5ae54f5db271c9bf0d5dc
    md-section-6: 7965debc856cd37e3b35f7e26cd3ffef
    md-section-7: 4b98c83d7c5114b61e7cad0c77ccdd2a
    md-section-8: c490e86974440d4cc9b0944383aa5ed3
    fm-attr-title: 176d8bb0a964f797020fc5955e6598b7
    fm-attr-description: 575d01ddfbeeefc7f44fcf42346ee9f7
  5f80fdfa50252476e7a0d5c091820f2f:
    md-section-0: 8138ba521a940960f2d33ab28f473c25
    md-section-1: b936b863996ea4c6fe1cc4811d3fca5b
    md-section-2: 9fa43043776f6e6c7b226a82fdcf377e
    md-section-3: bdd97f4c6b46aab001604491f6fe085c
    md-section-4: c4c3de514fbfd7f70a6986ba58f55f82
    md-section-5: e04972f7ced5ae54f5db271c9bf0d5dc
    md-section-6: a90ea5a0e3634c7e01f28f6df92f257c
    md-section-7: 4b98c83d7c5114b61e7cad0c77ccdd2a
    md-section-8: 7692adbaf0a32e773b8e588fe08c38f1
    fm-attr-title: 52de227112e76dbb26def8c129c4342d
    fm-attr-description: 96489ad04410e4a2da9a4beca3dc8934
  7608592cb6c614b0b84152d3879caa7c:
    md-section-0: 5b432071c14236dbe712179e2cf2117a
    md-section-1: b936b863996ea4c6fe1cc4811d3fca5b
    md-section-2: 893530945e3e7a1af36b9b68875285f5
    md-section-3: bdd97f4c6b46aab001604491f6fe085c
    md-section-4: f65728fb28f2a20014b0d90131a69c89
    md-section-5: e04972f7ced5ae54f5db271c9bf0d5dc
    md-section-6: 0e14d866589827d6fa7fa88580ffdfb0
    md-section-7: 4b98c83d7c5114b61e7cad0c77ccdd2a
    md-section-8: 81897309f7c8e7503f52ab4f6d29603a
    fm-attr-title: 20b0de4836aa38fbeeaacc8357a86fee
    fm-attr-description: df77b6ba2d1ad8b7ec7073678ca4f84d
  b57d252b7b5d0b0518cf13d99412b8f4:
    md-section-0: 4d05591e234930d4b3682fcb0b7db695
    md-section-1: b936b863996ea4c6fe1cc4811d3fca5b
    md-section-2: 6b1c603d59c575675c4d73f4722850af
    md-section-3: bdd97f4c6b46aab001604491f6fe085c
    md-section-4: f65728fb28f2a20014b0d90131a69c89
    md-section-5: e04972f7ced5ae54f5db271c9bf0d5dc
    md-section-6: ae7dc97bfae9b52fe0a6f804f08db911
    md-section-7: 4b98c83d7c5114b61e7cad0c77ccdd2a
    md-section-8: 2018f944a6c1917e9af7c8baad2d4d5d
    fm-attr-title: 7bcbac9b33913d6d275c498ef130a30e
    fm-attr-description: 118679dddf3da5b0fa8872503a71de66
  7d7262d9e74fb4a283f606c06486d8bd:
    md-section-0: b19c3bee6ce38cb202b626698196990c
    md-section-1: b936b863996ea4c6fe1cc4811d3fca5b
    md-section-2: a3431fa6b1934e496f150a49eb8a9d0f
    md-section-3: bdd97f4c6b46aab001604491f6fe085c
    md-section-4: a518dce08f38cb7f5255c8d80be62fb5
    md-section-5: e04972f7ced5ae54f5db271c9bf0d5dc
    md-section-6: 3cda1216c61a972b892c7c86038b1b73
    md-section-7: 4b98c83d7c5114b61e7cad0c77ccdd2a
    md-section-8: 3f84a5e99e99b6e2ade848f495e78f9f
    fm-attr-title: 7af6ecaf1b9f51fe1a32463765bf5951
    fm-attr-description: cde925728862421cd5c60c4ebf1056f8
  6ab3377d2b1567d8953273df45714050:
    md-section-0: 999dd3369f1fac6c13a1bdc7da0fbe17
    md-section-1: b936b863996ea4c6fe1cc4811d3fca5b
    md-section-2: 7cba859533c196fa2297c8fac30381a0
    md-section-3: bdd97f4c6b46aab001604491f6fe085c
    md-section-4: 21a65ed7426de7002718edf9a96e80a9
    md-section-5: e04972f7ced5ae54f5db271c9bf0d5dc
    md-section-6: 92e9014e34ef4d03c3b7e4508185005e
    md-section-7: 4b98c83d7c5114b61e7cad0c77ccdd2a
    md-section-8: 5d7f5c781505e9d9d3a31fb7d4d45e1a
    fm-attr-title: b29f6cd300a08813ecce06b0c9ba2735
    fm-attr-description: 9c0d84d52f6be305c613b27be871aab2
  eedf9d45445a970efacf24def7f721b4:
    md-section-0: be1c4a4329b9e7b435a57a3a9f7db4ae
    md-section-1: b936b863996ea4c6fe1cc4811d3fca5b
    md-section-2: bdd8de4da229e784f0d4b8db67e7efce
    md-section-3: bdd97f4c6b46aab001604491f6fe085c
    md-section-4: eee0fb4861007be8bbac024b726fb86d
    md-section-5: e04972f7ced5ae54f5db271c9bf0d5dc
    md-section-6: 7be78b61a05de8c7d08f3406b521639f
    md-section-7: 4b98c83d7c5114b61e7cad0c77ccdd2a
    md-section-8: 34ec62ff364f3b4cad377d106ee79b8c
    fm-attr-title: 57036028a4eb267ce756b0f66ccc9155
    fm-attr-description: df06354e31e522a31067434c7e7cde83
  a0095d4366b102320500ef159a22fe15:
    md-section-0: 8e77fa939006627edc87a6742208fcdb
    md-section-1: b936b863996ea4c6fe1cc4811d3fca5b
    md-section-2: 1fce76ae7efdaffa690aeb937415bb5f
    md-section-3: bdd97f4c6b46aab001604491f6fe085c
    md-section-4: 86dd297efd06de18b5782e9e8cb6e949
    md-section-5: e04972f7ced5ae54f5db271c9bf0d5dc
    md-section-6: e83f247a6f1284cc5af946e6e4e56310
    md-section-7: 4b98c83d7c5114b61e7cad0c77ccdd2a
    md-section-8: f06723d761c079831972d634007278fd
    fm-attr-title: a4201cb0d221c29359e4842830f6d149
    fm-attr-description: bd69f6edf541c5c4126e0ee9a9588fab
  2183b23c7c7c21aa6c235d16e50eb69d:
    md-section-0: ffe0ea06a94ebbf634fe5d3ef851b0d5
    md-section-1: b936b863996ea4c6fe1cc4811d3fca5b
    md-section-2: 8c5a9efe23481043fdc989a874b27545
    md-section-3: bdd97f4c6b46aab001604491f6fe085c
    md-section-4: 3f496e0ef1686f26a6eff44f44729eac
    md-section-5: e04972f7ced5ae54f5db271c9bf0d5dc
    md-section-6: 8d86b26b950c9f56544611dd58e0880b
    md-section-7: 4b98c83d7c5114b61e7cad0c77ccdd2a
    md-section-8: 2f3abe2683088fd8f7c4643d1845a5ba
    fm-attr-title: 315bd599123b29af1fa9f6ef82a6bda3
    fm-attr-description: 18799801f350e9f679688f5ec00f3169
  ad78b35ab2c5a2f5f3f5cee43e4466fb:
    md-section-0: 487a3bddfea814f0f2e6f331e981d037
    md-section-1: b936b863996ea4c6fe1cc4811d3fca5b
    md-section-2: 0a72019538b442e8437919f075ee1c0c
    md-section-3: bdd97f4c6b46aab001604491f6fe085c
    md-section-4: 5b9c0a361ff6949630c687d7e6fa2e58
    md-section-5: e04972f7ced5ae54f5db271c9bf0d5dc
    md-section-6: c2f4e233f4c04b84743e4d7f3ee50d8d
    md-section-7: 4b98c83d7c5114b61e7cad0c77ccdd2a
    md-section-8: ad582fef1f90cc9c665fe8f7ad9fa12c
    fm-attr-title: c3787ee33a6b5a53b5e143251c69304e
    fm-attr-description: 64bcd44af18405541979c642b3110550
  aac726e6138e20cc889f2f9508d763fc:
    md-section-0: fdfb5e6a9736ecf9792ffa5593f16e28
    md-section-1: b936b863996ea4c6fe1cc4811d3fca5b
    md-section-2: 6a9d7cb7b7fec392f886f7e741990761
    md-section-3: bdd97f4c6b46aab001604491f6fe085c
    md-section-4: cef8f831f4e37360b76d6dcb8ed678ab
    md-section-5: e04972f7ced5ae54f5db271c9bf0d5dc
    md-section-6: fbd9e9ff9b69878ea54f54ce82f790c2
    md-section-7: 4b98c83d7c5114b61e7cad0c77ccdd2a
    md-section-8: 52310c6bb1dc0049bcc09f15e98ad8f6
    fm-attr-title: ac73569c272a688fac9e610b76bd7407
    fm-attr-description: ada527c3b6101e2dd58fc855724dc6d7
  31390097d415ecf5c37e34f1d3e2b5a2:
    md-section-0: 31eeaba270ea7f94ad059719a9922333
    md-section-1: b936b863996ea4c6fe1cc4811d3fca5b
    md-section-2: 45c4cead912a3743a76329fb04824741
    md-section-3: bdd97f4c6b46aab001604491f6fe085c
    md-section-4: f1d23dc7c3400c5e9dbd8bca636a335f
    md-section-5: e04972f7ced5ae54f5db271c9bf0d5dc
    md-section-6: f49b2c731cb01b03fcf910f7d921c838
    md-section-7: 4b98c83d7c5114b61e7cad0c77ccdd2a
    md-section-8: 70e0c7ba402f6a511f6b30eaf72b56dd
    fm-attr-title: 555ee97ba9c39531dba62d7411533117
    fm-attr-description: fb252b6ab9ec20d74a542b0177c3b5f5
  23ea6c7b8651903fd407b31b8a9d6666:
    md-section-0: 3a5714af1b8956295aa9ee376bfffb30
    md-section-1: b936b863996ea4c6fe1cc4811d3fca5b
    md-section-2: 8039d4596541283d3bf2d3067daba93c
    md-section-3: bdd97f4c6b46aab001604491f6fe085c
    md-section-4: 50d6f09501dd4cc6ca4b590084ab34fb
    md-section-5: e04972f7ced5ae54f5db271c9bf0d5dc
    md-section-6: 1af2f79a5ea762e298afd7bfd0ac4a65
    md-section-7: 4b98c83d7c5114b61e7cad0c77ccdd2a
    md-section-8: 75f993e88d3acad9a5690343ee3ba884
    fm-attr-title: 5f868ee02fd7bad7b79ccdf8ed994a70
    fm-attr-description: f3adf61302b01e9e3fa02698c0e7fbba
  497b39446dc7c38406923f3eb5ba1620:
    md-section-0: 976e9f412816e53bceed3b3d00e4832d
    md-section-1: b936b863996ea4c6fe1cc4811d3fca5b
    md-section-2: 748c05e8aa3bf505a64980f1b62c9d1d
    md-section-3: bdd97f4c6b46aab001604491f6fe085c
    md-section-4: 10e4e553da6510f3528bc0b9ce1f00bd
    md-section-5: d62c9575cc66feec7589fba95c9f7aee
    md-section-6: a163b43229a6f638b547577ac80e1c78
    md-section-7: e04972f7ced5ae54f5db271c9bf0d5dc
    md-section-8: 71e492d1b1174e4c7904858c85236f41
    md-section-9: 4b98c83d7c5114b61e7cad0c77ccdd2a
    md-section-10: e6f24a0c51a98951f216954c4a15d996
    fm-attr-title: 330247691c30a54664b4cbc8fa30d06e
    fm-attr-description: 76f901000990aeff2a5ecf55452515b6
  384ca219b4f96c62c96863326bbc8d94:
    checkAnother: d3e85c7a88a24ce6df261b0edc249a9b
    checkFailed: b188bd8bb3dc92620e7c4d85a00ab656
    description: a09757e5b019a0939f82f4fc4e632313
    eligible: 80b1d06e87b7c040903ae8a51d1b4db9
    errors/invalidRequest: 18ef73df27a6b310fa552e672c8c3772
    errors/notFound: c85cdea682a00ffc907d87b2e27b7095
    errors/rateLimit: ab43a5084585d8947509ca66b11802a8
    errors/unknown: c62a7718d9a1e9c4ffb707807550f836
    errors/upstream: f2e7ecb01ea2f0d52c1e4b5ff7ff57a8
    fetchError: 09983aa1fc31ef98135ceeff859b7c31
    fork: ac679902f58855caa6bd270c5e0a8ba8
    heading: a3ee0234e97333869ad5213ab878b9da
    ineligible: 3f99bdfcf87479e6db0d75f94efbe8b2
    input/invalidUrl: 28abbbe32df1ae69f8da046abe57c2ed
    input/placeholder: cefacd740c5d442f3435e67e49808f24
    input/required: 47fe4a94b3b68e7658bcbd9c1cf2de94
    lastPush: bc743cb78284d84624c99999c4c64bc3
    needsReview: ec2e1401e28f5878544d6a18cd8639df
    perks: 9dfc6b7596f9183b34bb9c441fd88c13
    private: d740d0660e68c61db1853489356030ae
    reasons/codeOfConduct: 75b3bb8ede5fa8e9dc37aab55c8755f0
    reasons/communitySize: 04f355ada8ad09c1498b63b5bab0332b
    reasons/configFileMet: ba2c08763b91397db7993cf67e9aa3ce
    reasons/configFileUnknown: 4d27adc81b9bb23d212c08d5a0216d64
    reasons/criteriaUnverifiable: c1655e6473e75d637c5989a510b49339
    reasons/hostingPlatform: 01847f05b0cddb4887edcfe7ab81cc42
    reasons/inactive: 035512dca58d0f2559379cfaf48d170f
    reasons/missionAlignment: 0738b0a104aaa460d0f439cd2a63e958
    reasons/noOsiLicense: 63769502560072d866388d7686ef733c
    reasons/nonCommercial: bef2730edaa174e2071504dd802b1f5a
    reasons/osiLicense: 3a6af08a4defb427ebe4d5870a3ae521
    reasons/permissiveLicense: 2ea0a8c5de530f85b011dba869f3d338
    reasons/popularityThreshold: 9ccad91b757b149125355c51ed9322ec
    reasons/procedural: 1f50df3aa73dbb2b582c00532d6ceec5
    reasons/projectTooNew: 2aa5e7b905c387cdc4a175613b85729c
    reasons/repoFork: fcdc781bfb3205f6c0b2fb4e6dadadf4
    reasons/repoPrivate: 485cfe25eac58da60432bedef90f6bdd
    reasons/requiresGithub: be46b1883daf0243c5ad2299f9bc037b
    reasons/requiresGitlab: 47d407a370d87ae2ec2beab939ea3054
    reasons/role: cfa7e245d3f71e9fe7188f44dc6f05b1
    reasons/starsBelow: 50c987d694041f3cc6dafff220153c6e
    reasons/starsMet: 6edfac8e4e5675fe0e17fb1c3082ab3b
    reasons/subjective: 8ea566e1ffd8e7259942d32aceb7f207
    reasons/techStackMet: 34e9cd24586d0b43261853e0ba33ceed
    reasons/techStackMissing: 056e28667ed3fc965f34d308ebc303b2
    reasons/techStackUnknown: c29ab0a52371fd4e8a5d44ad3fad9e55
    reasons/usageRestriction: cce2c31c8c2c401d07af44092aa35f77
    checkProgram: d403ceca81ab8a3432fe92c5f33b872d
    noResultFound: aaa7bbfb1ffa885bbe8a617cee8c63e9
    programCheckDescription: f29fb24ba3bc7c0081a89deb14a003da
    stars: 6550532d59c3e6cb9970b73b105147ea
    time/daysAgo: cc3aa5ec3b99fb053d69f7934e0f965d
    time/monthsAgo: af7a1e621f2b39d0d6e56a613a09e205
    time/today: 1fc7ed1f2327bf89b4d6cda1c6581ccd
    time/yearsAgo: 852811e4253f282a12ce77d8fdc1361a
    time/yesterday: 7d5880352047b68aed2263a8d3b8387b
